
Microsoft Visual Studio Solution File, Format Version 12.00
# Visual Studio Version 17
VisualStudioVersion = 17.0.32002.185
MinimumVisualStudioVersion = 10.0.40219.1
Project("{FAE04EC0-301F-11D3-BF4B-00C04F79EFBC}") = "ANDISBANCKAPI", "ANDISBANCKAPI\ANDISBANCKAPI.csproj", "{E516F26A-0BD6-4E6E-BB97-4C08CA28D1AE}"
EndProject
Global
	GlobalSection(SolutionConfigurationPlatforms) = preSolution
		Debug|Any CPU = Debug|Any CPU
		Release|Any CPU = Release|Any CPU
	EndGlobalSection
	GlobalSection(ProjectConfigurationPlatforms) = postSolution
		{E516F26A-0BD6-4E6E-BB97-4C08CA28D1AE}.Debug|Any CPU.ActiveCfg = Debug|Any CPU
		{E516F26A-0BD6-4E6E-BB97-4C08CA28D1AE}.Debug|Any CPU.Build.0 = Debug|Any CPU
		{E516F26A-0BD6-4E6E-BB97-4C08CA28D1AE}.Release|Any CPU.ActiveCfg = Release|Any CPU
		{E516F26A-0BD6-4E6E-BB97-4C08CA28D1AE}.Release|Any CPU.Build.0 = Release|Any CPU
	EndGlobalSection
	GlobalSection(SolutionProperties) = preSolution
		HideSolutionNode = FALSE
	EndGlobalSection
	GlobalSection(ExtensibilityGlobals) = postSolution
		SolutionGuid = {4FC3F1DD-208B-4777-9CC3-661296FA60B4}
	EndGlobalSection
EndGlobal
